# This file is automatically @generated by Cargo.
# It is not intended for manual editing.
version = 4

[[package]]
name = "ap"
version = "0.1.0"
source = "git+https://github.com/dberg/ap.git#f031ea08b337d53ea7609eb4824f4733d7ba0c90"

[[package]]
name = "rom-splitter"
version = "0.1.0"
dependencies = [
 "ap",
]
